
Microsoft Visual Studio Solution File, Format Version 12.00
# Visual Studio Version 17
VisualStudioVersion = 17.1.32319.34
MinimumVisualStudioVersion = 10.0.40219.1
Project("{FAE04EC0-301F-11D3-BF4B-00C04F79EFBC}") = "parser", "parser.csproj", "{2FCA3688-CD0D-4C2C-8C6B-74CD56DDE050}"
EndProject
Global
	GlobalSection(SolutionConfigurationPlatforms) = preSolution
		Debug|Any CPU = Debug|Any CPU
		Release|Any CPU = Release|Any CPU
	EndGlobalSection
	GlobalSection(ProjectConfigurationPlatforms) = postSolution
		{2FCA3688-CD0D-4C2C-8C6B-74CD56DDE050}.Debug|Any CPU.ActiveCfg = Debug|Any CPU
		{2FCA3688-CD0D-4C2C-8C6B-74CD56DDE050}.Debug|Any CPU.Build.0 = Debug|Any CPU
		{2FCA3688-CD0D-4C2C-8C6B-74CD56DDE050}.Release|Any CPU.ActiveCfg = Release|Any CPU
		{2FCA3688-CD0D-4C2C-8C6B-74CD56DDE050}.Release|Any CPU.Build.0 = Release|Any CPU
	EndGlobalSection
	GlobalSection(SolutionProperties) = preSolution
		HideSolutionNode = FALSE
	EndGlobalSection
	GlobalSection(ExtensibilityGlobals) = postSolution
		SolutionGuid = {AA475A7C-FFE9-4C0D-ACD2-013E256F2535}
	EndGlobalSection
EndGlobal
